
Microsoft Visual Studio Solution File, Format Version 12.00
# Visual Studio Version 16
VisualStudioVersion = 16.0.31129.286
MinimumVisualStudioVersion = 10.0.40219.1
Project("{8BC9CEB8-8B4A-11D0-8D11-00A0C91BC942}") = "MS_FVM", "MS_FVM\MS_FVM.vcxproj", "{2EAF5073-C66C-4239-8EB8-C72BDB48C5F3}"
EndProject
Project("{8BC9CEB8-8B4A-11D0-8D11-00A0C91BC942}") = "MS_FVM_Test", "MS_FVM_Test\MS_FVM_Test.vcxproj", "{86E3800B-9934-4AF3-A9E5-7BEACF0ED501}"
EndProject
Global
	GlobalSection(SolutionConfigurationPlatforms) = preSolution
		Debug|x64 = Debug|x64
		Debug|x86 = Debug|x86
		Release|x64 = Release|x64
		Release|x86 = Release|x86
	EndGlobalSection
	GlobalSection(ProjectConfigurationPlatforms) = postSolution
		{2EAF5073-C66C-4239-8EB8-C72BDB48C5F3}.Debug|x64.ActiveCfg = Debug|x64
		{2EAF5073-C66C-4239-8EB8-C72BDB48C5F3}.Debug|x64.Build.0 = Debug|x64
		{2EAF5073-C66C-4239-8EB8-C72BDB48C5F3}.Debug|x86.ActiveCfg = Debug|Win32
		{2EAF5073-C66C-4239-8EB8-C72BDB48C5F3}.Debug|x86.Build.0 = Debug|Win32
		{2EAF5073-C66C-4239-8EB8-C72BDB48C5F3}.Release|x64.ActiveCfg = Release|x64
		{2EAF5073-C66C-4239-8EB8-C72BDB48C5F3}.Release|x64.Build.0 = Release|x64
		{2EAF5073-C66C-4239-8EB8-C72BDB48C5F3}.Release|x86.ActiveCfg = Release|Win32
		{2EAF5073-C66C-4239-8EB8-C72BDB48C5F3}.Release|x86.Build.0 = Release|Win32
		{86E3800B-9934-4AF3-A9E5-7BEACF0ED501}.Debug|x64.ActiveCfg = Debug|x64
		{86E3800B-9934-4AF3-A9E5-7BEACF0ED501}.Debug|x64.Build.0 = Debug|x64
		{86E3800B-9934-4AF3-A9E5-7BEACF0ED501}.Debug|x86.ActiveCfg = Debug|Win32
		{86E3800B-9934-4AF3-A9E5-7BEACF0ED501}.Debug|x86.Build.0 = Debug|Win32
		{86E3800B-9934-4AF3-A9E5-7BEACF0ED501}.Release|x64.ActiveCfg = Release|x64
		{86E3800B-9934-4AF3-A9E5-7BEACF0ED501}.Release|x64.Build.0 = Release|x64
		{86E3800B-9934-4AF3-A9E5-7BEACF0ED501}.Release|x86.ActiveCfg = Release|Win32
		{86E3800B-9934-4AF3-A9E5-7BEACF0ED501}.Release|x86.Build.0 = Release|Win32
	EndGlobalSection
	GlobalSection(SolutionProperties) = preSolution
		HideSolutionNode = FALSE
	EndGlobalSection
	GlobalSection(ExtensibilityGlobals) = postSolution
		SolutionGuid = {37131CDB-F43E-4D2C-B422-D464ABC1965D}
	EndGlobalSection
EndGlobal
